
Microsoft Visual Studio Solution File, Format Version 12.00
# Visual Studio Version 16
VisualStudioVersion = 16.0.30225.117
MinimumVisualStudioVersion = 10.0.40219.1
Project("{FAE04EC0-301F-11D3-BF4B-00C04F79EFBC}") = "DLSiteMetadata", "DLSiteMetadata\DLSiteMetadata.csproj", "{A54423D1-8E7A-4339-B0D5-24E7CEFE469B}"
EndProject
Project("{FAE04EC0-301F-11D3-BF4B-00C04F79EFBC}") = "F95ZoneMetadata", "F95ZoneMetadata\F95ZoneMetadata.csproj", "{1E2122F8-517B-45C0-9B36-57ACE0FA42EC}"
EndProject
Project("{FAE04EC0-301F-11D3-BF4B-00C04F79EFBC}") = "Extensions.Common", "Extensions.Common\Extensions.Common.csproj", "{5AC34E06-706A-4706-84D4-510AA345D7FC}"
EndProject
Project("{FAE04EC0-301F-11D3-BF4B-00C04F79EFBC}") = "VNDBMetadata", "VNDBMetadata\VNDBMetadata.csproj", "{6241EE4D-A7C5-42BE-B343-6D8208F0D008}"
EndProject
Project("{FAE04EC0-301F-11D3-BF4B-00C04F79EFBC}") = "Extensions.Test", "Extensions.Test\Extensions.Test.csproj", "{5567B42E-FC5D-4845-94C6-8285329A1C40}"
EndProject
Global
	GlobalSection(SolutionConfigurationPlatforms) = preSolution
		Debug|Any CPU = Debug|Any CPU
		Release|Any CPU = Release|Any CPU
	EndGlobalSection
	GlobalSection(ProjectConfigurationPlatforms) = postSolution
		{A54423D1-8E7A-4339-B0D5-24E7CEFE469B}.Debug|Any CPU.ActiveCfg = Debug|Any CPU
		{A54423D1-8E7A-4339-B0D5-24E7CEFE469B}.Debug|Any CPU.Build.0 = Debug|Any CPU
		{A54423D1-8E7A-4339-B0D5-24E7CEFE469B}.Release|Any CPU.ActiveCfg = Release|Any CPU
		{A54423D1-8E7A-4339-B0D5-24E7CEFE469B}.Release|Any CPU.Build.0 = Release|Any CPU
		{1E2122F8-517B-45C0-9B36-57ACE0FA42EC}.Debug|Any CPU.ActiveCfg = Debug|Any CPU
		{1E2122F8-517B-45C0-9B36-57ACE0FA42EC}.Debug|Any CPU.Build.0 = Debug|Any CPU
		{1E2122F8-517B-45C0-9B36-57ACE0FA42EC}.Release|Any CPU.ActiveCfg = Release|Any CPU
		{1E2122F8-517B-45C0-9B36-57ACE0FA42EC}.Release|Any CPU.Build.0 = Release|Any CPU
		{5AC34E06-706A-4706-84D4-510AA345D7FC}.Debug|Any CPU.ActiveCfg = Debug|Any CPU
		{5AC34E06-706A-4706-84D4-510AA345D7FC}.Debug|Any CPU.Build.0 = Debug|Any CPU
		{5AC34E06-706A-4706-84D4-510AA345D7FC}.Release|Any CPU.ActiveCfg = Release|Any CPU
		{5AC34E06-706A-4706-84D4-510AA345D7FC}.Release|Any CPU.Build.0 = Release|Any CPU
		{6241EE4D-A7C5-42BE-B343-6D8208F0D008}.Debug|Any CPU.ActiveCfg = Debug|Any CPU
		{6241EE4D-A7C5-42BE-B343-6D8208F0D008}.Debug|Any CPU.Build.0 = Debug|Any CPU
		{6241EE4D-A7C5-42BE-B343-6D8208F0D008}.Release|Any CPU.ActiveCfg = Release|Any CPU
		{6241EE4D-A7C5-42BE-B343-6D8208F0D008}.Release|Any CPU.Build.0 = Release|Any CPU
		{5567B42E-FC5D-4845-94C6-8285329A1C40}.Debug|Any CPU.ActiveCfg = Debug|Any CPU
		{5567B42E-FC5D-4845-94C6-8285329A1C40}.Debug|Any CPU.Build.0 = Debug|Any CPU
		{5567B42E-FC5D-4845-94C6-8285329A1C40}.Release|Any CPU.ActiveCfg = Release|Any CPU
		{5567B42E-FC5D-4845-94C6-8285329A1C40}.Release|Any CPU.Build.0 = Release|Any CPU
	EndGlobalSection
	GlobalSection(SolutionProperties) = preSolution
		HideSolutionNode = FALSE
	EndGlobalSection
	GlobalSection(ExtensibilityGlobals) = postSolution
		SolutionGuid = {C1A9C46C-095D-467C-9783-3741BE7B24A9}
	EndGlobalSection
EndGlobal
