
Microsoft Visual Studio Solution File, Format Version 12.00
# Visual Studio Version 16
VisualStudioVersion = 16.0.30225.117
MinimumVisualStudioVersion = 10.0.40219.1
Project("{FAE04EC0-301F-11D3-BF4B-00C04F79EFBC}") = "DLSiteMetadata", "DLSiteMetadata\DLSiteMetadata\DLSiteMetadata.csproj", "{A54423D1-8E7A-4339-B0D5-24E7CEFE469B}"
EndProject
Project("{9A19103F-16F7-4668-BE54-9A1E7A4F7556}") = "DLSiteMetadata.Test", "DLSiteMetadata\DLSiteMetadata.Test\DLSiteMetadata.Test.csproj", "{13908A5E-F2DB-4B03-8EF2-4CC08C3CFCEC}"
EndProject
Global
	GlobalSection(SolutionConfigurationPlatforms) = preSolution
		Debug|Any CPU = Debug|Any CPU
		Debug|x64 = Debug|x64
		Release|Any CPU = Release|Any CPU
		Release|x64 = Release|x64
	EndGlobalSection
	GlobalSection(ProjectConfigurationPlatforms) = postSolution
		{A54423D1-8E7A-4339-B0D5-24E7CEFE469B}.Debug|Any CPU.ActiveCfg = Debug|Any CPU
		{A54423D1-8E7A-4339-B0D5-24E7CEFE469B}.Debug|Any CPU.Build.0 = Debug|Any CPU
		{A54423D1-8E7A-4339-B0D5-24E7CEFE469B}.Debug|x64.ActiveCfg = Debug|x64
		{A54423D1-8E7A-4339-B0D5-24E7CEFE469B}.Debug|x64.Build.0 = Debug|x64
		{A54423D1-8E7A-4339-B0D5-24E7CEFE469B}.Release|Any CPU.ActiveCfg = Release|Any CPU
		{A54423D1-8E7A-4339-B0D5-24E7CEFE469B}.Release|Any CPU.Build.0 = Release|Any CPU
		{A54423D1-8E7A-4339-B0D5-24E7CEFE469B}.Release|x64.ActiveCfg = Release|x64
		{A54423D1-8E7A-4339-B0D5-24E7CEFE469B}.Release|x64.Build.0 = Release|x64
		{13908A5E-F2DB-4B03-8EF2-4CC08C3CFCEC}.Debug|Any CPU.ActiveCfg = Debug|Any CPU
		{13908A5E-F2DB-4B03-8EF2-4CC08C3CFCEC}.Debug|Any CPU.Build.0 = Debug|Any CPU
		{13908A5E-F2DB-4B03-8EF2-4CC08C3CFCEC}.Debug|x64.ActiveCfg = Debug|Any CPU
		{13908A5E-F2DB-4B03-8EF2-4CC08C3CFCEC}.Debug|x64.Build.0 = Debug|Any CPU
		{13908A5E-F2DB-4B03-8EF2-4CC08C3CFCEC}.Release|Any CPU.ActiveCfg = Release|Any CPU
		{13908A5E-F2DB-4B03-8EF2-4CC08C3CFCEC}.Release|Any CPU.Build.0 = Release|Any CPU
		{13908A5E-F2DB-4B03-8EF2-4CC08C3CFCEC}.Release|x64.ActiveCfg = Release|Any CPU
		{13908A5E-F2DB-4B03-8EF2-4CC08C3CFCEC}.Release|x64.Build.0 = Release|Any CPU
	EndGlobalSection
	GlobalSection(SolutionProperties) = preSolution
		HideSolutionNode = FALSE
	EndGlobalSection
	GlobalSection(ExtensibilityGlobals) = postSolution
		SolutionGuid = {C1A9C46C-095D-467C-9783-3741BE7B24A9}
	EndGlobalSection
EndGlobal
