
Microsoft Visual Studio Solution File, Format Version 12.00
Project("{2150E333-8FDC-42A3-9474-1A3956D46DE8}") = ".solutionItems", ".solutionItems", "{8F784B89-A6FD-4ADE-AE54-6E445A57EE4B}"
	ProjectSection(SolutionItems) = preProject
		..\.editorconfig = ..\.editorconfig
		..\.gitignore = ..\.gitignore
		Directory.Build.props = Directory.Build.props
		..\README.md = ..\README.md
		..\LICENSE = ..\LICENSE
	EndProjectSection
EndProject
Project("{2150E333-8FDC-42A3-9474-1A3956D46DE8}") = "Metadata", "Metadata", "{43D0787B-36A2-455F-B7C6-FC05395BB1CD}"
EndProject
Project("{FAE04EC0-301F-11D3-BF4B-00C04F79EFBC}") = "F95ZoneMetadata", "F95ZoneMetadata\F95ZoneMetadata.csproj", "{AA0C3ED0-7CE2-44FE-A158-110A14B5DDC6}"
EndProject
Project("{2150E333-8FDC-42A3-9474-1A3956D46DE8}") = "Lib", "Lib", "{C3B339AB-FF68-4DDA-B618-397BEB791A02}"
EndProject
Project("{FAE04EC0-301F-11D3-BF4B-00C04F79EFBC}") = "Extensions.Common", "Extensions.Common\Extensions.Common.csproj", "{5552CB49-D05B-4B10-9CF5-A31741DF6203}"
EndProject
Project("{2150E333-8FDC-42A3-9474-1A3956D46DE8}") = "Tests", "Tests", "{B59EF2DD-90D0-4D0A-BAB5-EF095FB7A481}"
EndProject
Project("{FAE04EC0-301F-11D3-BF4B-00C04F79EFBC}") = "F95ZoneMetadata.Test", "F95ZoneMetadata.Test\F95ZoneMetadata.Test.csproj", "{FFE8B47E-ACD4-4FED-885F-52110510C197}"
EndProject
Global
	GlobalSection(SolutionConfigurationPlatforms) = preSolution
		Debug|Any CPU = Debug|Any CPU
		Release|Any CPU = Release|Any CPU
	EndGlobalSection
	GlobalSection(ProjectConfigurationPlatforms) = postSolution
		{AA0C3ED0-7CE2-44FE-A158-110A14B5DDC6}.Debug|Any CPU.ActiveCfg = Debug|Any CPU
		{AA0C3ED0-7CE2-44FE-A158-110A14B5DDC6}.Debug|Any CPU.Build.0 = Debug|Any CPU
		{AA0C3ED0-7CE2-44FE-A158-110A14B5DDC6}.Release|Any CPU.ActiveCfg = Release|Any CPU
		{AA0C3ED0-7CE2-44FE-A158-110A14B5DDC6}.Release|Any CPU.Build.0 = Release|Any CPU
		{5552CB49-D05B-4B10-9CF5-A31741DF6203}.Debug|Any CPU.ActiveCfg = Debug|Any CPU
		{5552CB49-D05B-4B10-9CF5-A31741DF6203}.Debug|Any CPU.Build.0 = Debug|Any CPU
		{5552CB49-D05B-4B10-9CF5-A31741DF6203}.Release|Any CPU.ActiveCfg = Release|Any CPU
		{5552CB49-D05B-4B10-9CF5-A31741DF6203}.Release|Any CPU.Build.0 = Release|Any CPU
		{FFE8B47E-ACD4-4FED-885F-52110510C197}.Debug|Any CPU.ActiveCfg = Debug|Any CPU
		{FFE8B47E-ACD4-4FED-885F-52110510C197}.Debug|Any CPU.Build.0 = Debug|Any CPU
		{FFE8B47E-ACD4-4FED-885F-52110510C197}.Release|Any CPU.ActiveCfg = Release|Any CPU
		{FFE8B47E-ACD4-4FED-885F-52110510C197}.Release|Any CPU.Build.0 = Release|Any CPU
	EndGlobalSection
	GlobalSection(NestedProjects) = preSolution
		{AA0C3ED0-7CE2-44FE-A158-110A14B5DDC6} = {43D0787B-36A2-455F-B7C6-FC05395BB1CD}
		{5552CB49-D05B-4B10-9CF5-A31741DF6203} = {C3B339AB-FF68-4DDA-B618-397BEB791A02}
		{FFE8B47E-ACD4-4FED-885F-52110510C197} = {B59EF2DD-90D0-4D0A-BAB5-EF095FB7A481}
	EndGlobalSection
EndGlobal
